
Microsoft Visual Studio Solution File, Format Version 12.00
# Visual Studio Version 16
VisualStudioVersion = 16.0.31729.503
MinimumVisualStudioVersion = 10.0.40219.1
Project("{FAE04EC0-301F-11D3-BF4B-00C04F79EFBC}") = "DXApplication2.Module", "DXApplication2.Module\DXApplication2.Module.csproj", "{F0C23790-C705-4FDF-869B-2D2BED4004E4}"
EndProject
Project("{FAE04EC0-301F-11D3-BF4B-00C04F79EFBC}") = "DXApplication2.Module.Win", "DXApplication2.Module.Win\DXApplication2.Module.Win.csproj", "{C666FA0B-50C1-4F60-80C9-E725373B7D6B}"
EndProject
Project("{FAE04EC0-301F-11D3-BF4B-00C04F79EFBC}") = "DXApplication2.Win", "DXApplication2.Win\DXApplication2.Win.csproj", "{3175FE28-B24A-4C3A-A4CA-111C74A7CF39}"
EndProject
Global
	GlobalSection(SolutionConfigurationPlatforms) = preSolution
		Debug|Any CPU = Debug|Any CPU
		EasyTest|Any CPU = EasyTest|Any CPU
		Release|Any CPU = Release|Any CPU
	EndGlobalSection
	GlobalSection(ProjectConfigurationPlatforms) = postSolution
		{F0C23790-C705-4FDF-869B-2D2BED4004E4}.Debug|Any CPU.ActiveCfg = Debug|Any CPU
		{F0C23790-C705-4FDF-869B-2D2BED4004E4}.Debug|Any CPU.Build.0 = Debug|Any CPU
		{F0C23790-C705-4FDF-869B-2D2BED4004E4}.EasyTest|Any CPU.ActiveCfg = EasyTest|Any CPU
		{F0C23790-C705-4FDF-869B-2D2BED4004E4}.EasyTest|Any CPU.Build.0 = EasyTest|Any CPU
		{F0C23790-C705-4FDF-869B-2D2BED4004E4}.Release|Any CPU.ActiveCfg = Release|Any CPU
		{F0C23790-C705-4FDF-869B-2D2BED4004E4}.Release|Any CPU.Build.0 = Release|Any CPU
		{C666FA0B-50C1-4F60-80C9-E725373B7D6B}.Debug|Any CPU.ActiveCfg = Debug|Any CPU
		{C666FA0B-50C1-4F60-80C9-E725373B7D6B}.Debug|Any CPU.Build.0 = Debug|Any CPU
		{C666FA0B-50C1-4F60-80C9-E725373B7D6B}.EasyTest|Any CPU.ActiveCfg = EasyTest|Any CPU
		{C666FA0B-50C1-4F60-80C9-E725373B7D6B}.EasyTest|Any CPU.Build.0 = EasyTest|Any CPU
		{C666FA0B-50C1-4F60-80C9-E725373B7D6B}.Release|Any CPU.ActiveCfg = Release|Any CPU
		{C666FA0B-50C1-4F60-80C9-E725373B7D6B}.Release|Any CPU.Build.0 = Release|Any CPU
		{3175FE28-B24A-4C3A-A4CA-111C74A7CF39}.Debug|Any CPU.ActiveCfg = Debug|Any CPU
		{3175FE28-B24A-4C3A-A4CA-111C74A7CF39}.Debug|Any CPU.Build.0 = Debug|Any CPU
		{3175FE28-B24A-4C3A-A4CA-111C74A7CF39}.EasyTest|Any CPU.ActiveCfg = EasyTest|Any CPU
		{3175FE28-B24A-4C3A-A4CA-111C74A7CF39}.EasyTest|Any CPU.Build.0 = EasyTest|Any CPU
		{3175FE28-B24A-4C3A-A4CA-111C74A7CF39}.Release|Any CPU.ActiveCfg = Release|Any CPU
		{3175FE28-B24A-4C3A-A4CA-111C74A7CF39}.Release|Any CPU.Build.0 = Release|Any CPU
	EndGlobalSection
	GlobalSection(SolutionProperties) = preSolution
		HideSolutionNode = FALSE
	EndGlobalSection
	GlobalSection(ExtensibilityGlobals) = postSolution
		SolutionGuid = {9F5BD9F0-A180-4AA8-8232-ABE34BA1EEE9}
	EndGlobalSection
EndGlobal
